// !$*UTF8*$!
{
	archiveVersion = 1;
	classes = {
	};
	objectVersion = 56;
	objects = {

/* Begin PBXBuildFile section */
		A100000001 /* PaperlessToolsApp.swift in Sources */ = {isa = PBXBuildFile; fileRef = A200000001 /* PaperlessToolsApp.swift */; };
		A100000002 /* ContentView.swift in Sources */ = {isa = PBXBuildFile; fileRef = A200000002 /* ContentView.swift */; };
		A100000003 /* Colors.swift in Sources */ = {isa = PBXBuildFile; fileRef = A200000003 /* Colors.swift */; };
		A100000004 /* Typography.swift in Sources */ = {isa = PBXBuildFile; fileRef = A200000004 /* Typography.swift */; };
		A100000005 /* PrimaryButton.swift in Sources */ = {isa = PBXBuildFile; fileRef = A200000005 /* PrimaryButton.swift */; };
		A100000007 /* ToolCard.swift in Sources */ = {isa = PBXBuildFile; fileRef = A200000007 /* ToolCard.swift */; };
		A100000008 /* ProcessingOverlay.swift in Sources */ = {isa = PBXBuildFile; fileRef = A200000008 /* ProcessingOverlay.swift */; };
		A100000009 /* ShareSheet.swift in Sources */ = {isa = PBXBuildFile; fileRef = A200000009 /* ShareSheet.swift */; };
		A100000010 /* ToolRegistry.swift in Sources */ = {isa = PBXBuildFile; fileRef = A200000010 /* ToolRegistry.swift */; };
		A100000011 /* QRModels.swift in Sources */ = {isa = PBXBuildFile; fileRef = A200000011 /* QRModels.swift */; };
		A100000012 /* HomeView.swift in Sources */ = {isa = PBXBuildFile; fileRef = A200000012 /* HomeView.swift */; };
		A100000013 /* ToolsView.swift in Sources */ = {isa = PBXBuildFile; fileRef = A200000013 /* ToolsView.swift */; };
		A100000014 /* ScanTabView.swift in Sources */ = {isa = PBXBuildFile; fileRef = A200000014 /* ScanTabView.swift */; };
		A100000015 /* SettingsView.swift in Sources */ = {isa = PBXBuildFile; fileRef = A200000015 /* SettingsView.swift */; };
		A100000016 /* QRGeneratorView.swift in Sources */ = {isa = PBXBuildFile; fileRef = A200000016 /* QRGeneratorView.swift */; };
		A100000017 /* QRScannerView.swift in Sources */ = {isa = PBXBuildFile; fileRef = A200000017 /* QRScannerView.swift */; };
		A100000018 /* QRPayloadEncoder.swift in Sources */ = {isa = PBXBuildFile; fileRef = A200000018 /* QRPayloadEncoder.swift */; };
		A100000019 /* URLShortenerView.swift in Sources */ = {isa = PBXBuildFile; fileRef = A200000019 /* URLShortenerView.swift */; };
		A100000020 /* DocumentScannerView.swift in Sources */ = {isa = PBXBuildFile; fileRef = A200000020 /* DocumentScannerView.swift */; };
		A100000021 /* MergePDFView.swift in Sources */ = {isa = PBXBuildFile; fileRef = A200000021 /* MergePDFView.swift */; };
		A100000022 /* ImageToPDFView.swift in Sources */ = {isa = PBXBuildFile; fileRef = A200000022 /* ImageToPDFView.swift */; };
		A100000023 /* FillAndSignView.swift in Sources */ = {isa = PBXBuildFile; fileRef = A200000023 /* FillAndSignView.swift */; };
		A100000024 /* APIService.swift in Sources */ = {isa = PBXBuildFile; fileRef = A200000024 /* APIService.swift */; };
		A100000025 /* PDFService.swift in Sources */ = {isa = PBXBuildFile; fileRef = A200000025 /* PDFService.swift */; };
		A100000026 /* StorageService.swift in Sources */ = {isa = PBXBuildFile; fileRef = A200000026 /* StorageService.swift */; };
		A100000027 /* Assets.xcassets in Resources */ = {isa = PBXBuildFile; fileRef = A200000027 /* Assets.xcassets */; };
		A100000028 /* ShareViewController.swift in Sources */ = {isa = PBXBuildFile; fileRef = A200000028 /* ShareViewController.swift */; };
		A100000029 /* SplitPDFView.swift in Sources */ = {isa = PBXBuildFile; fileRef = A200000031 /* SplitPDFView.swift */; };
		A100000030 /* PDFToImageView.swift in Sources */ = {isa = PBXBuildFile; fileRef = A200000032 /* PDFToImageView.swift */; };
		A100000031 /* ZipService.swift in Sources */ = {isa = PBXBuildFile; fileRef = A200000033 /* ZipService.swift */; };
		A100000032 /* HomeToolTile.swift in Sources */ = {isa = PBXBuildFile; fileRef = A200000034 /* HomeToolTile.swift */; };
		A100000033 /* TextDiffService.swift in Sources */ = {isa = PBXBuildFile; fileRef = A200000035 /* TextDiffService.swift */; };
		A100000034 /* OCRService.swift in Sources */ = {isa = PBXBuildFile; fileRef = A200000036 /* OCRService.swift */; };
		A100000036 /* InvoicePDFRenderer.swift in Sources */ = {isa = PBXBuildFile; fileRef = A200000038 /* InvoicePDFRenderer.swift */; };
		A100000037 /* PageBoxOverlay.swift in Sources */ = {isa = PBXBuildFile; fileRef = A200000039 /* PageBoxOverlay.swift */; };
		A100000038 /* CompareTextView.swift in Sources */ = {isa = PBXBuildFile; fileRef = A200000040 /* CompareTextView.swift */; };
		A100000039 /* CompressPDFView.swift in Sources */ = {isa = PBXBuildFile; fileRef = A200000041 /* CompressPDFView.swift */; };
		A100000040 /* CropPDFView.swift in Sources */ = {isa = PBXBuildFile; fileRef = A200000042 /* CropPDFView.swift */; };
		A100000041 /* RedactPDFView.swift in Sources */ = {isa = PBXBuildFile; fileRef = A200000043 /* RedactPDFView.swift */; };
		A100000042 /* ExtractTextView.swift in Sources */ = {isa = PBXBuildFile; fileRef = A200000044 /* ExtractTextView.swift */; };
		A100000043 /* TeleprompterView.swift in Sources */ = {isa = PBXBuildFile; fileRef = A200000045 /* TeleprompterView.swift */; };
		A100000044 /* InvoiceBuilderView.swift in Sources */ = {isa = PBXBuildFile; fileRef = A200000046 /* InvoiceBuilderView.swift */; };
		A100000046 /* DocumentScanProcessor.swift in Sources */ = {isa = PBXBuildFile; fileRef = A200000048 /* DocumentScanProcessor.swift */; };
		A100000047 /* ZoomableRedactionCanvas.swift in Sources */ = {isa = PBXBuildFile; fileRef = A200000049 /* ZoomableRedactionCanvas.swift */; };
		A100000048 /* KeyboardSafeArea.swift in Sources */ = {isa = PBXBuildFile; fileRef = A200000050 /* KeyboardSafeArea.swift */; };
		A100000051 /* TeleprompterTheme.swift in Sources */ = {isa = PBXBuildFile; fileRef = A200000051 /* TeleprompterTheme.swift */; };
		A100000052 /* TeleprompterSettings.swift in Sources */ = {isa = PBXBuildFile; fileRef = A200000052 /* TeleprompterSettings.swift */; };
		A100000053 /* TeleprompterScript.swift in Sources */ = {isa = PBXBuildFile; fileRef = A200000053 /* TeleprompterScript.swift */; };
		A100000054 /* TeleprompterScriptParser.swift in Sources */ = {isa = PBXBuildFile; fileRef = A200000054 /* TeleprompterScriptParser.swift */; };
		A100000055 /* TeleprompterScrollEngine.swift in Sources */ = {isa = PBXBuildFile; fileRef = A200000055 /* TeleprompterScrollEngine.swift */; };
		A100000057 /* TeleprompterScriptText.swift in Sources */ = {isa = PBXBuildFile; fileRef = A200000057 /* TeleprompterScriptText.swift */; };
		A100000058 /* TeleprompterCueLine.swift in Sources */ = {isa = PBXBuildFile; fileRef = A200000058 /* TeleprompterCueLine.swift */; };
		A100000060 /* TeleprompterControlBar.swift in Sources */ = {isa = PBXBuildFile; fileRef = A200000060 /* TeleprompterControlBar.swift */; };
		A100000061 /* TeleprompterPlayerView.swift in Sources */ = {isa = PBXBuildFile; fileRef = A200000061 /* TeleprompterPlayerView.swift */; };
		A100000062 /* TeleprompterSettingsSheet.swift in Sources */ = {isa = PBXBuildFile; fileRef = A200000062 /* TeleprompterSettingsSheet.swift */; };
		A100000063 /* TeleprompterMarkerSheet.swift in Sources */ = {isa = PBXBuildFile; fileRef = A200000063 /* TeleprompterMarkerSheet.swift */; };
		A100000064 /* PrivacyInfo.xcprivacy in Resources */ = {isa = PBXBuildFile; fileRef = A200000064 /* PrivacyInfo.xcprivacy */; };
		A100000065 /* AppGroupConstants.swift in Sources */ = {isa = PBXBuildFile; fileRef = A200000065 /* AppGroupConstants.swift */; };
		A100000066 /* AppGroupConstants.swift in Sources */ = {isa = PBXBuildFile; fileRef = A200000065 /* AppGroupConstants.swift */; };
		A100000067 /* SharedImportCoordinator.swift in Sources */ = {isa = PBXBuildFile; fileRef = A200000066 /* SharedImportCoordinator.swift */; };
		A100000068 /* CameraPermissionView.swift in Sources */ = {isa = PBXBuildFile; fileRef = A200000067 /* CameraPermissionView.swift */; };
		A100000069 /* PaperlessToolsShareExtension.appex in Embed Foundation Extensions */ = {isa = PBXBuildFile; fileRef = A300000002 /* PaperlessToolsShareExtension.appex */; settings = {ATTRIBUTES = (RemoveHeadersOnCopy, ); }; };
		A100000070 /* URLShortenerStorageNotice.swift in Sources */ = {isa = PBXBuildFile; fileRef = A200000070 /* URLShortenerStorageNotice.swift */; };
/* End PBXBuildFile section */

/* Begin PBXFileReference section */
		A200000001 /* PaperlessToolsApp.swift */ = {isa = PBXFileReference; lastKnownFileType = sourcecode.swift; path = PaperlessToolsApp.swift; sourceTree = "<group>"; };
		A200000002 /* ContentView.swift */ = {isa = PBXFileReference; lastKnownFileType = sourcecode.swift; path = ContentView.swift; sourceTree = "<group>"; };
		A200000003 /* Colors.swift */ = {isa = PBXFileReference; lastKnownFileType = sourcecode.swift; path = Colors.swift; sourceTree = "<group>"; };
		A200000004 /* Typography.swift */ = {isa = PBXFileReference; lastKnownFileType = sourcecode.swift; path = Typography.swift; sourceTree = "<group>"; };
		A200000005 /* PrimaryButton.swift */ = {isa = PBXFileReference; lastKnownFileType = sourcecode.swift; path = PrimaryButton.swift; sourceTree = "<group>"; };
		A200000007 /* ToolCard.swift */ = {isa = PBXFileReference; lastKnownFileType = sourcecode.swift; path = ToolCard.swift; sourceTree = "<group>"; };
		A200000008 /* ProcessingOverlay.swift */ = {isa = PBXFileReference; lastKnownFileType = sourcecode.swift; path = ProcessingOverlay.swift; sourceTree = "<group>"; };
		A200000009 /* ShareSheet.swift */ = {isa = PBXFileReference; lastKnownFileType = sourcecode.swift; path = ShareSheet.swift; sourceTree = "<group>"; };
		A200000010 /* ToolRegistry.swift */ = {isa = PBXFileReference; lastKnownFileType = sourcecode.swift; path = ToolRegistry.swift; sourceTree = "<group>"; };
		A200000011 /* QRModels.swift */ = {isa = PBXFileReference; lastKnownFileType = sourcecode.swift; path = QRModels.swift; sourceTree = "<group>"; };
		A200000012 /* HomeView.swift */ = {isa = PBXFileReference; lastKnownFileType = sourcecode.swift; path = HomeView.swift; sourceTree = "<group>"; };
		A200000013 /* ToolsView.swift */ = {isa = PBXFileReference; lastKnownFileType = sourcecode.swift; path = ToolsView.swift; sourceTree = "<group>"; };
		A200000014 /* ScanTabView.swift */ = {isa = PBXFileReference; lastKnownFileType = sourcecode.swift; path = ScanTabView.swift; sourceTree = "<group>"; };
		A200000015 /* SettingsView.swift */ = {isa = PBXFileReference; lastKnownFileType = sourcecode.swift; path = SettingsView.swift; sourceTree = "<group>"; };
		A200000016 /* QRGeneratorView.swift */ = {isa = PBXFileReference; lastKnownFileType = sourcecode.swift; path = QRGeneratorView.swift; sourceTree = "<group>"; };
		A200000017 /* QRScannerView.swift */ = {isa = PBXFileReference; lastKnownFileType = sourcecode.swift; path = QRScannerView.swift; sourceTree = "<group>"; };
		A200000018 /* QRPayloadEncoder.swift */ = {isa = PBXFileReference; lastKnownFileType = sourcecode.swift; path = QRPayloadEncoder.swift; sourceTree = "<group>"; };
		A200000019 /* URLShortenerView.swift */ = {isa = PBXFileReference; lastKnownFileType = sourcecode.swift; path = URLShortenerView.swift; sourceTree = "<group>"; };
		A200000020 /* DocumentScannerView.swift */ = {isa = PBXFileReference; lastKnownFileType = sourcecode.swift; path = DocumentScannerView.swift; sourceTree = "<group>"; };
		A200000021 /* MergePDFView.swift */ = {isa = PBXFileReference; lastKnownFileType = sourcecode.swift; path = MergePDFView.swift; sourceTree = "<group>"; };
		A200000022 /* ImageToPDFView.swift */ = {isa = PBXFileReference; lastKnownFileType = sourcecode.swift; path = ImageToPDFView.swift; sourceTree = "<group>"; };
		A200000023 /* FillAndSignView.swift */ = {isa = PBXFileReference; lastKnownFileType = sourcecode.swift; path = FillAndSignView.swift; sourceTree = "<group>"; };
		A200000024 /* APIService.swift */ = {isa = PBXFileReference; lastKnownFileType = sourcecode.swift; path = APIService.swift; sourceTree = "<group>"; };
		A200000025 /* PDFService.swift */ = {isa = PBXFileReference; lastKnownFileType = sourcecode.swift; path = PDFService.swift; sourceTree = "<group>"; };
		A200000026 /* StorageService.swift */ = {isa = PBXFileReference; lastKnownFileType = sourcecode.swift; path = StorageService.swift; sourceTree = "<group>"; };
		A200000027 /* Assets.xcassets */ = {isa = PBXFileReference; lastKnownFileType = folder.assetcatalog; path = Assets.xcassets; sourceTree = "<group>"; };
		A200000028 /* ShareViewController.swift */ = {isa = PBXFileReference; lastKnownFileType = sourcecode.swift; path = ShareViewController.swift; sourceTree = "<group>"; };
		A200000029 /* Info.plist */ = {isa = PBXFileReference; lastKnownFileType = text.plist.xml; path = Info.plist; sourceTree = "<group>"; };
		A200000030 /* Info.plist */ = {isa = PBXFileReference; lastKnownFileType = text.plist.xml; path = Info.plist; sourceTree = "<group>"; };
		A200000031 /* SplitPDFView.swift */ = {isa = PBXFileReference; lastKnownFileType = sourcecode.swift; path = SplitPDFView.swift; sourceTree = "<group>"; };
		A200000032 /* PDFToImageView.swift */ = {isa = PBXFileReference; lastKnownFileType = sourcecode.swift; path = PDFToImageView.swift; sourceTree = "<group>"; };
		A200000033 /* ZipService.swift */ = {isa = PBXFileReference; lastKnownFileType = sourcecode.swift; path = ZipService.swift; sourceTree = "<group>"; };
		A200000034 /* HomeToolTile.swift */ = {isa = PBXFileReference; lastKnownFileType = sourcecode.swift; path = HomeToolTile.swift; sourceTree = "<group>"; };
		A200000035 /* TextDiffService.swift */ = {isa = PBXFileReference; lastKnownFileType = sourcecode.swift; path = TextDiffService.swift; sourceTree = "<group>"; };
		A200000036 /* OCRService.swift */ = {isa = PBXFileReference; lastKnownFileType = sourcecode.swift; path = OCRService.swift; sourceTree = "<group>"; };
		A200000038 /* InvoicePDFRenderer.swift */ = {isa = PBXFileReference; lastKnownFileType = sourcecode.swift; path = InvoicePDFRenderer.swift; sourceTree = "<group>"; };
		A200000039 /* PageBoxOverlay.swift */ = {isa = PBXFileReference; lastKnownFileType = sourcecode.swift; path = PageBoxOverlay.swift; sourceTree = "<group>"; };
		A200000040 /* CompareTextView.swift */ = {isa = PBXFileReference; lastKnownFileType = sourcecode.swift; path = CompareTextView.swift; sourceTree = "<group>"; };
		A200000041 /* CompressPDFView.swift */ = {isa = PBXFileReference; lastKnownFileType = sourcecode.swift; path = CompressPDFView.swift; sourceTree = "<group>"; };
		A200000042 /* CropPDFView.swift */ = {isa = PBXFileReference; lastKnownFileType = sourcecode.swift; path = CropPDFView.swift; sourceTree = "<group>"; };
		A200000043 /* RedactPDFView.swift */ = {isa = PBXFileReference; lastKnownFileType = sourcecode.swift; path = RedactPDFView.swift; sourceTree = "<group>"; };
		A200000044 /* ExtractTextView.swift */ = {isa = PBXFileReference; lastKnownFileType = sourcecode.swift; path = ExtractTextView.swift; sourceTree = "<group>"; };
		A200000045 /* TeleprompterView.swift */ = {isa = PBXFileReference; lastKnownFileType = sourcecode.swift; path = TeleprompterView.swift; sourceTree = "<group>"; };
		A200000046 /* InvoiceBuilderView.swift */ = {isa = PBXFileReference; lastKnownFileType = sourcecode.swift; path = InvoiceBuilderView.swift; sourceTree = "<group>"; };
		A200000048 /* DocumentScanProcessor.swift */ = {isa = PBXFileReference; lastKnownFileType = sourcecode.swift; path = DocumentScanProcessor.swift; sourceTree = "<group>"; };
		A200000049 /* ZoomableRedactionCanvas.swift */ = {isa = PBXFileReference; lastKnownFileType = sourcecode.swift; path = ZoomableRedactionCanvas.swift; sourceTree = "<group>"; };
		A200000050 /* KeyboardSafeArea.swift */ = {isa = PBXFileReference; lastKnownFileType = sourcecode.swift; path = KeyboardSafeArea.swift; sourceTree = "<group>"; };
		A200000051 /* TeleprompterTheme.swift */ = {isa = PBXFileReference; lastKnownFileType = sourcecode.swift; path = TeleprompterTheme.swift; sourceTree = "<group>"; };
		A200000052 /* TeleprompterSettings.swift */ = {isa = PBXFileReference; lastKnownFileType = sourcecode.swift; path = TeleprompterSettings.swift; sourceTree = "<group>"; };
		A200000053 /* TeleprompterScript.swift */ = {isa = PBXFileReference; lastKnownFileType = sourcecode.swift; path = TeleprompterScript.swift; sourceTree = "<group>"; };
		A200000054 /* TeleprompterScriptParser.swift */ = {isa = PBXFileReference; lastKnownFileType = sourcecode.swift; path = TeleprompterScriptParser.swift; sourceTree = "<group>"; };
		A200000055 /* TeleprompterScrollEngine.swift */ = {isa = PBXFileReference; lastKnownFileType = sourcecode.swift; path = TeleprompterScrollEngine.swift; sourceTree = "<group>"; };
		A200000057 /* TeleprompterScriptText.swift */ = {isa = PBXFileReference; lastKnownFileType = sourcecode.swift; path = TeleprompterScriptText.swift; sourceTree = "<group>"; };
		A200000058 /* TeleprompterCueLine.swift */ = {isa = PBXFileReference; lastKnownFileType = sourcecode.swift; path = TeleprompterCueLine.swift; sourceTree = "<group>"; };
		A200000060 /* TeleprompterControlBar.swift */ = {isa = PBXFileReference; lastKnownFileType = sourcecode.swift; path = TeleprompterControlBar.swift; sourceTree = "<group>"; };
		A200000061 /* TeleprompterPlayerView.swift */ = {isa = PBXFileReference; lastKnownFileType = sourcecode.swift; path = TeleprompterPlayerView.swift; sourceTree = "<group>"; };
		A200000062 /* TeleprompterSettingsSheet.swift */ = {isa = PBXFileReference; lastKnownFileType = sourcecode.swift; path = TeleprompterSettingsSheet.swift; sourceTree = "<group>"; };
		A200000063 /* TeleprompterMarkerSheet.swift */ = {isa = PBXFileReference; lastKnownFileType = sourcecode.swift; path = TeleprompterMarkerSheet.swift; sourceTree = "<group>"; };
		A200000064 /* PrivacyInfo.xcprivacy */ = {isa = PBXFileReference; lastKnownFileType = text.xml; path = PrivacyInfo.xcprivacy; sourceTree = "<group>"; };
		A200000065 /* AppGroupConstants.swift */ = {isa = PBXFileReference; lastKnownFileType = sourcecode.swift; path = Shared/AppGroupConstants.swift; sourceTree = "<group>"; };
		A200000066 /* SharedImportCoordinator.swift */ = {isa = PBXFileReference; lastKnownFileType = sourcecode.swift; path = SharedImportCoordinator.swift; sourceTree = "<group>"; };
		A200000067 /* CameraPermissionView.swift */ = {isa = PBXFileReference; lastKnownFileType = sourcecode.swift; path = CameraPermissionView.swift; sourceTree = "<group>"; };
		A200000068 /* PaperlessTools.entitlements */ = {isa = PBXFileReference; lastKnownFileType = text.plist.entitlements; path = PaperlessTools.entitlements; sourceTree = "<group>"; };
		A200000069 /* PaperlessToolsShareExtension.entitlements */ = {isa = PBXFileReference; lastKnownFileType = text.plist.entitlements; path = PaperlessToolsShareExtension.entitlements; sourceTree = "<group>"; };
		A200000070 /* URLShortenerStorageNotice.swift */ = {isa = PBXFileReference; lastKnownFileType = sourcecode.swift; path = URLShortenerStorageNotice.swift; sourceTree = "<group>"; };
		A300000001 /* PaperlessTools.app */ = {isa = PBXFileReference; explicitFileType = wrapper.application; includeInIndex = 0; path = PaperlessTools.app; sourceTree = BUILT_PRODUCTS_DIR; };
		A300000002 /* PaperlessToolsShareExtension.appex */ = {isa = PBXFileReference; explicitFileType = "wrapper.app-extension"; includeInIndex = 0; path = PaperlessToolsShareExtension.appex; sourceTree = BUILT_PRODUCTS_DIR; };
/* End PBXFileReference section */

/* Begin PBXFrameworksBuildPhase section */
		A400000001 /* Frameworks */ = {
			isa = PBXFrameworksBuildPhase;
			buildActionMask = 2147483647;
			files = (
			);
			runOnlyForDeploymentPostprocessing = 0;
		};
		A400000002 /* Frameworks */ = {
			isa = PBXFrameworksBuildPhase;
			buildActionMask = 2147483647;
			files = (
			);
			runOnlyForDeploymentPostprocessing = 0;
		};
/* End PBXFrameworksBuildPhase section */

/* Begin PBXGroup section */
		A500000001 = {
			isa = PBXGroup;
			children = (
				A500000005 /* App */,
				A500000006 /* Design */,
				A500000007 /* Features */,
				A500000008 /* Models */,
				A500000009 /* Services */,
				A200000065 /* AppGroupConstants.swift */,
				A500000010 /* Resources */,
				A500000003 /* ShareExtension */,
				A200000029 /* Info.plist */,
				A200000064 /* PrivacyInfo.xcprivacy */,
				A200000068 /* PaperlessTools.entitlements */,
				A500000004 /* Products */,
			);
			sourceTree = "<group>";
		};
		A500000003 /* ShareExtension */ = {
			isa = PBXGroup;
			children = (
				A200000028 /* ShareViewController.swift */,
				A200000030 /* Info.plist */,
				A200000069 /* PaperlessToolsShareExtension.entitlements */,
			);
			path = ShareExtension;
			sourceTree = "<group>";
		};
		A500000004 /* Products */ = {
			isa = PBXGroup;
			children = (
				A300000001 /* PaperlessTools.app */,
				A300000002 /* PaperlessToolsShareExtension.appex */,
			);
			name = Products;
			sourceTree = "<group>";
		};
		A500000005 /* App */ = {
			isa = PBXGroup;
			children = (
				A200000001 /* PaperlessToolsApp.swift */,
				A200000002 /* ContentView.swift */,
				A200000066 /* SharedImportCoordinator.swift */,
			);
			path = App;
			sourceTree = "<group>";
		};
		A500000006 /* Design */ = {
			isa = PBXGroup;
			children = (
				A200000003 /* Colors.swift */,
				A200000004 /* Typography.swift */,
				A500000011 /* Components */,
			);
			path = Design;
			sourceTree = "<group>";
		};
		A500000007 /* Features */ = {
			isa = PBXGroup;
			children = (
				A500000012 /* Home */,
				A500000013 /* Tools */,
				A500000014 /* Scan */,
				A500000015 /* Settings */,
				A500000016 /* QR */,
				A500000017 /* URLShortener */,
				A500000018 /* DocumentScanner */,
				A500000019 /* MergePDF */,
				A500000020 /* ImageToPDF */,
				A500000021 /* FillAndSign */,
				A500000022 /* SplitPDF */,
				A500000023 /* PDFToImage */,
				A500000024 /* CompressPDF */,
				A500000025 /* RedactPDF */,
				A500000026 /* CropPDF */,
				A500000027 /* ExtractText */,
				A500000028 /* CompareText */,
				A500000029 /* InvoiceBuilder */,
				A500000030 /* Teleprompter */,
			);
			path = Features;
			sourceTree = "<group>";
		};
		A500000008 /* Models */ = {
			isa = PBXGroup;
			children = (
				A200000010 /* ToolRegistry.swift */,
				A200000011 /* QRModels.swift */,
			);
			path = Models;
			sourceTree = "<group>";
		};
		A500000009 /* Services */ = {
			isa = PBXGroup;
			children = (
				A200000024 /* APIService.swift */,
				A200000048 /* DocumentScanProcessor.swift */,
				A200000025 /* PDFService.swift */,
				A200000026 /* StorageService.swift */,
				A200000033 /* ZipService.swift */,
				A200000035 /* TextDiffService.swift */,
				A200000036 /* OCRService.swift */,
				A200000038 /* InvoicePDFRenderer.swift */,
			);
			path = Services;
			sourceTree = "<group>";
		};
		A500000010 /* Resources */ = {
			isa = PBXGroup;
			children = (
				A200000027 /* Assets.xcassets */,
			);
			path = Resources;
			sourceTree = "<group>";
		};
		A500000011 /* Components */ = {
			isa = PBXGroup;
			children = (
				A200000005 /* PrimaryButton.swift */,
				A200000007 /* ToolCard.swift */,
				A200000008 /* ProcessingOverlay.swift */,
				A200000009 /* ShareSheet.swift */,
				A200000034 /* HomeToolTile.swift */,
				A200000039 /* PageBoxOverlay.swift */,
				A200000049 /* ZoomableRedactionCanvas.swift */,
				A200000050 /* KeyboardSafeArea.swift */,
				A200000067 /* CameraPermissionView.swift */,
				A200000070 /* URLShortenerStorageNotice.swift */,
			);
			path = Components;
			sourceTree = "<group>";
		};
		A500000012 /* Home */ = {
			isa = PBXGroup;
			children = (
				A200000012 /* HomeView.swift */,
			);
			path = Home;
			sourceTree = "<group>";
		};
		A500000013 /* Tools */ = {
			isa = PBXGroup;
			children = (
				A200000013 /* ToolsView.swift */,
			);
			path = Tools;
			sourceTree = "<group>";
		};
		A500000014 /* Scan */ = {
			isa = PBXGroup;
			children = (
				A200000014 /* ScanTabView.swift */,
			);
			path = Scan;
			sourceTree = "<group>";
		};
		A500000015 /* Settings */ = {
			isa = PBXGroup;
			children = (
				A200000015 /* SettingsView.swift */,
			);
			path = Settings;
			sourceTree = "<group>";
		};
		A500000016 /* QR */ = {
			isa = PBXGroup;
			children = (
				A200000016 /* QRGeneratorView.swift */,
				A200000017 /* QRScannerView.swift */,
				A200000018 /* QRPayloadEncoder.swift */,
			);
			path = QR;
			sourceTree = "<group>";
		};
		A500000017 /* URLShortener */ = {
			isa = PBXGroup;
			children = (
				A200000019 /* URLShortenerView.swift */,
			);
			path = URLShortener;
			sourceTree = "<group>";
		};
		A500000018 /* DocumentScanner */ = {
			isa = PBXGroup;
			children = (
				A200000020 /* DocumentScannerView.swift */,
			);
			path = DocumentScanner;
			sourceTree = "<group>";
		};
		A500000019 /* MergePDF */ = {
			isa = PBXGroup;
			children = (
				A200000021 /* MergePDFView.swift */,
			);
			path = MergePDF;
			sourceTree = "<group>";
		};
		A500000020 /* ImageToPDF */ = {
			isa = PBXGroup;
			children = (
				A200000022 /* ImageToPDFView.swift */,
			);
			path = ImageToPDF;
			sourceTree = "<group>";
		};
		A500000021 /* FillAndSign */ = {
			isa = PBXGroup;
			children = (
				A200000023 /* FillAndSignView.swift */,
			);
			path = FillAndSign;
			sourceTree = "<group>";
		};
		A500000022 /* SplitPDF */ = {
			isa = PBXGroup;
			children = (
				A200000031 /* SplitPDFView.swift */,
			);
			path = SplitPDF;
			sourceTree = "<group>";
		};
		A500000023 /* PDFToImage */ = {
			isa = PBXGroup;
			children = (
				A200000032 /* PDFToImageView.swift */,
			);
			path = PDFToImage;
			sourceTree = "<group>";
		};
		A500000024 /* CompressPDF */ = {
			isa = PBXGroup;
			children = (
				A200000041 /* CompressPDFView.swift */,
			);
			path = CompressPDF;
			sourceTree = "<group>";
		};
		A500000025 /* RedactPDF */ = {
			isa = PBXGroup;
			children = (
				A200000043 /* RedactPDFView.swift */,
			);
			path = RedactPDF;
			sourceTree = "<group>";
		};
		A500000026 /* CropPDF */ = {
			isa = PBXGroup;
			children = (
				A200000042 /* CropPDFView.swift */,
			);
			path = CropPDF;
			sourceTree = "<group>";
		};
		A500000027 /* ExtractText */ = {
			isa = PBXGroup;
			children = (
				A200000044 /* ExtractTextView.swift */,
			);
			path = ExtractText;
			sourceTree = "<group>";
		};
		A500000028 /* CompareText */ = {
			isa = PBXGroup;
			children = (
				A200000040 /* CompareTextView.swift */,
			);
			path = CompareText;
			sourceTree = "<group>";
		};
		A500000029 /* InvoiceBuilder */ = {
			isa = PBXGroup;
			children = (
				A200000046 /* InvoiceBuilderView.swift */,
			);
			path = InvoiceBuilder;
			sourceTree = "<group>";
		};
		A500000030 /* Teleprompter */ = {
			isa = PBXGroup;
			children = (
				A200000045 /* TeleprompterView.swift */,
				A200000061 /* TeleprompterPlayerView.swift */,
				A200000062 /* TeleprompterSettingsSheet.swift */,
				A200000063 /* TeleprompterMarkerSheet.swift */,
				A500000031 /* Models */,
				A500000032 /* Services */,
				A500000033 /* Components */,
			);
			path = Teleprompter;
			sourceTree = "<group>";
		};
		A500000031 /* Models */ = {
			isa = PBXGroup;
			children = (
				A200000051 /* TeleprompterTheme.swift */,
				A200000052 /* TeleprompterSettings.swift */,
				A200000053 /* TeleprompterScript.swift */,
			);
			path = Models;
			sourceTree = "<group>";
		};
		A500000032 /* Services */ = {
			isa = PBXGroup;
			children = (
				A200000054 /* TeleprompterScriptParser.swift */,
				A200000055 /* TeleprompterScrollEngine.swift */,
			);
			path = Services;
			sourceTree = "<group>";
		};
		A500000033 /* Components */ = {
			isa = PBXGroup;
			children = (
				A200000057 /* TeleprompterScriptText.swift */,
				A200000058 /* TeleprompterCueLine.swift */,
				A200000060 /* TeleprompterControlBar.swift */,
			);
			path = Components;
			sourceTree = "<group>";
		};
/* End PBXGroup section */

/* Begin PBXContainerItemProxy section */
		B500000001 /* PBXContainerItemProxy */ = {
			isa = PBXContainerItemProxy;
			containerPortal = A900000001 /* Project object */;
			proxyType = 1;
			remoteGlobalIDString = A600000002;
			remoteInfo = PaperlessToolsShareExtension;
		};
/* End PBXContainerItemProxy section */

/* Begin PBXCopyFilesBuildPhase section */
		A700000005 /* Embed Foundation Extensions */ = {
			isa = PBXCopyFilesBuildPhase;
			buildActionMask = 2147483647;
			dstPath = "";
			dstSubfolderSpec = 13;
			files = (
				A100000069 /* PaperlessToolsShareExtension.appex in Embed Foundation Extensions */,
			);
			name = "Embed Foundation Extensions";
			runOnlyForDeploymentPostprocessing = 0;
		};
/* End PBXCopyFilesBuildPhase section */

/* Begin PBXNativeTarget section */
		A600000001 /* PaperlessTools */ = {
			isa = PBXNativeTarget;
			buildConfigurationList = A800000003 /* Build configuration list for PBXNativeTarget "PaperlessTools" */;
			buildPhases = (
				A700000001 /* Sources */,
				A400000001 /* Frameworks */,
				A700000002 /* Resources */,
				A700000005 /* Embed Foundation Extensions */,
			);
			buildRules = (
			);
			dependencies = (
				B600000001 /* PBXTargetDependency */,
			);
			name = PaperlessTools;
			productName = PaperlessTools;
			productReference = A300000001 /* PaperlessTools.app */;
			productType = "com.apple.product-type.application";
		};
		A600000002 /* PaperlessToolsShareExtension */ = {
			isa = PBXNativeTarget;
			buildConfigurationList = A800000004 /* Build configuration list for PBXNativeTarget "PaperlessToolsShareExtension" */;
			buildPhases = (
				A700000003 /* Sources */,
				A400000002 /* Frameworks */,
				A700000004 /* Resources */,
			);
			buildRules = (
			);
			dependencies = (
			);
			name = PaperlessToolsShareExtension;
			productName = PaperlessToolsShareExtension;
			productReference = A300000002 /* PaperlessToolsShareExtension.appex */;
			productType = "com.apple.product-type.app-extension";
		};
/* End PBXNativeTarget section */

/* Begin PBXTargetDependency section */
		B600000001 /* PBXTargetDependency */ = {
			isa = PBXTargetDependency;
			target = A600000002 /* PaperlessToolsShareExtension */;
			targetProxy = B500000001 /* PBXContainerItemProxy */;
		};
/* End PBXTargetDependency section */

/* Begin PBXProject section */
		A900000001 /* Project object */ = {
			isa = PBXProject;
			attributes = {
				BuildIndependentTargetsInParallel = 1;
				LastSwiftUpdateCheck = 1600;
				LastUpgradeCheck = 2640;
				TargetAttributes = {
					A600000001 = {
						CreatedOnToolsVersion = 16.0;
					};
					A600000002 = {
						CreatedOnToolsVersion = 16.0;
					};
				};
			};
			buildConfigurationList = A800000001 /* Build configuration list for PBXProject "PaperlessTools" */;
			compatibilityVersion = "Xcode 14.0";
			developmentRegion = en;
			hasScannedForEncodings = 0;
			knownRegions = (
				en,
				Base,
			);
			mainGroup = A500000001;
			productRefGroup = A500000004 /* Products */;
			projectDirPath = "";
			projectRoot = "";
			targets = (
				A600000001 /* PaperlessTools */,
				A600000002 /* PaperlessToolsShareExtension */,
			);
		};
/* End PBXProject section */

/* Begin PBXResourcesBuildPhase section */
		A700000002 /* Resources */ = {
			isa = PBXResourcesBuildPhase;
			buildActionMask = 2147483647;
			files = (
				A100000027 /* Assets.xcassets in Resources */,
				A100000064 /* PrivacyInfo.xcprivacy in Resources */,
			);
			runOnlyForDeploymentPostprocessing = 0;
		};
		A700000004 /* Resources */ = {
			isa = PBXResourcesBuildPhase;
			buildActionMask = 2147483647;
			files = (
			);
			runOnlyForDeploymentPostprocessing = 0;
		};
/* End PBXResourcesBuildPhase section */

/* Begin PBXSourcesBuildPhase section */
		A700000001 /* Sources */ = {
			isa = PBXSourcesBuildPhase;
			buildActionMask = 2147483647;
			files = (
				A100000001 /* PaperlessToolsApp.swift in Sources */,
				A100000002 /* ContentView.swift in Sources */,
				A100000003 /* Colors.swift in Sources */,
				A100000004 /* Typography.swift in Sources */,
				A100000005 /* PrimaryButton.swift in Sources */,
				A100000007 /* ToolCard.swift in Sources */,
				A100000008 /* ProcessingOverlay.swift in Sources */,
				A100000009 /* ShareSheet.swift in Sources */,
				A100000010 /* ToolRegistry.swift in Sources */,
				A100000011 /* QRModels.swift in Sources */,
				A100000012 /* HomeView.swift in Sources */,
				A100000013 /* ToolsView.swift in Sources */,
				A100000014 /* ScanTabView.swift in Sources */,
				A100000015 /* SettingsView.swift in Sources */,
				A100000016 /* QRGeneratorView.swift in Sources */,
				A100000017 /* QRScannerView.swift in Sources */,
				A100000018 /* QRPayloadEncoder.swift in Sources */,
				A100000019 /* URLShortenerView.swift in Sources */,
				A100000020 /* DocumentScannerView.swift in Sources */,
				A100000021 /* MergePDFView.swift in Sources */,
				A100000022 /* ImageToPDFView.swift in Sources */,
				A100000023 /* FillAndSignView.swift in Sources */,
				A100000024 /* APIService.swift in Sources */,
				A100000025 /* PDFService.swift in Sources */,
				A100000026 /* StorageService.swift in Sources */,
				A100000029 /* SplitPDFView.swift in Sources */,
				A100000030 /* PDFToImageView.swift in Sources */,
				A100000031 /* ZipService.swift in Sources */,
				A100000032 /* HomeToolTile.swift in Sources */,
				A100000033 /* TextDiffService.swift in Sources */,
				A100000034 /* OCRService.swift in Sources */,
				A100000036 /* InvoicePDFRenderer.swift in Sources */,
				A100000037 /* PageBoxOverlay.swift in Sources */,
				A100000038 /* CompareTextView.swift in Sources */,
				A100000039 /* CompressPDFView.swift in Sources */,
				A100000040 /* CropPDFView.swift in Sources */,
				A100000041 /* RedactPDFView.swift in Sources */,
				A100000042 /* ExtractTextView.swift in Sources */,
				A100000043 /* TeleprompterView.swift in Sources */,
				A100000044 /* InvoiceBuilderView.swift in Sources */,
				A100000046 /* DocumentScanProcessor.swift in Sources */,
				A100000047 /* ZoomableRedactionCanvas.swift in Sources */,
				A100000048 /* KeyboardSafeArea.swift in Sources */,
				A100000051 /* TeleprompterTheme.swift in Sources */,
				A100000052 /* TeleprompterSettings.swift in Sources */,
				A100000053 /* TeleprompterScript.swift in Sources */,
				A100000054 /* TeleprompterScriptParser.swift in Sources */,
				A100000055 /* TeleprompterScrollEngine.swift in Sources */,
				A100000057 /* TeleprompterScriptText.swift in Sources */,
				A100000058 /* TeleprompterCueLine.swift in Sources */,
				A100000060 /* TeleprompterControlBar.swift in Sources */,
				A100000061 /* TeleprompterPlayerView.swift in Sources */,
				A100000062 /* TeleprompterSettingsSheet.swift in Sources */,
				A100000063 /* TeleprompterMarkerSheet.swift in Sources */,
				A100000065 /* AppGroupConstants.swift in Sources */,
				A100000067 /* SharedImportCoordinator.swift in Sources */,
				A100000068 /* CameraPermissionView.swift in Sources */,
				A100000070 /* URLShortenerStorageNotice.swift in Sources */,
			);
			runOnlyForDeploymentPostprocessing = 0;
		};
		A700000003 /* Sources */ = {
			isa = PBXSourcesBuildPhase;
			buildActionMask = 2147483647;
			files = (
				A100000028 /* ShareViewController.swift in Sources */,
				A100000066 /* AppGroupConstants.swift in Sources */,
			);
			runOnlyForDeploymentPostprocessing = 0;
		};
/* End PBXSourcesBuildPhase section */

/* Begin XCBuildConfiguration section */
		AA00000001 /* Debug */ = {
			isa = XCBuildConfiguration;
			buildSettings = {
				ALWAYS_SEARCH_USER_PATHS = NO;
				CLANG_ENABLE_MODULES = YES;
				CLANG_ENABLE_OBJC_WEAK = YES;
				CODE_SIGN_STYLE = Automatic;
				CODE_SIGN_ENTITLEMENTS = PaperlessTools.entitlements;
				CURRENT_PROJECT_VERSION = 1;
				ENABLE_PREVIEWS = YES;
				GENERATE_INFOPLIST_FILE = NO;
				INFOPLIST_FILE = Info.plist;
				IPHONEOS_DEPLOYMENT_TARGET = 17.0;
				LD_RUNPATH_SEARCH_PATHS = (
					"$(inherited)",
					"@executable_path/Frameworks",
				);
				MARKETING_VERSION = 1.0.0;
				PRODUCT_BUNDLE_IDENTIFIER = tools.paperless.app;
				PRODUCT_NAME = "$(TARGET_NAME)";
				SWIFT_EMIT_LOC_STRINGS = YES;
				SWIFT_VERSION = 5.0;
				TARGETED_DEVICE_FAMILY = "1,2";
			};
			name = Debug;
		};
		AA00000002 /* Release */ = {
			isa = XCBuildConfiguration;
			buildSettings = {
				ALWAYS_SEARCH_USER_PATHS = NO;
				CLANG_ENABLE_MODULES = YES;
				CLANG_ENABLE_OBJC_WEAK = YES;
				CODE_SIGN_STYLE = Automatic;
				CODE_SIGN_ENTITLEMENTS = PaperlessTools.entitlements;
				CURRENT_PROJECT_VERSION = 1;
				ENABLE_PREVIEWS = YES;
				GENERATE_INFOPLIST_FILE = NO;
				INFOPLIST_FILE = Info.plist;
				IPHONEOS_DEPLOYMENT_TARGET = 17.0;
				LD_RUNPATH_SEARCH_PATHS = (
					"$(inherited)",
					"@executable_path/Frameworks",
				);
				MARKETING_VERSION = 1.0.0;
				PRODUCT_BUNDLE_IDENTIFIER = tools.paperless.app;
				PRODUCT_NAME = "$(TARGET_NAME)";
				SWIFT_EMIT_LOC_STRINGS = YES;
				SWIFT_VERSION = 5.0;
				TARGETED_DEVICE_FAMILY = "1,2";
			};
			name = Release;
		};
		AA00000003 /* Debug */ = {
			isa = XCBuildConfiguration;
			buildSettings = {
				CLANG_ENABLE_OBJC_WEAK = YES;
				CODE_SIGN_STYLE = Automatic;
				CODE_SIGN_ENTITLEMENTS = ShareExtension/PaperlessToolsShareExtension.entitlements;
				CURRENT_PROJECT_VERSION = 1;
				DEVELOPMENT_TEAM = BV3NW7GXY9;
				GENERATE_INFOPLIST_FILE = NO;
				INFOPLIST_FILE = ShareExtension/Info.plist;
				IPHONEOS_DEPLOYMENT_TARGET = 17.0;
				LD_RUNPATH_SEARCH_PATHS = (
					"$(inherited)",
					"@executable_path/Frameworks",
					"@executable_path/../../Frameworks",
				);
				MARKETING_VERSION = 1.0.0;
				PRODUCT_BUNDLE_IDENTIFIER = tools.paperless.app.share;
				PRODUCT_NAME = "$(TARGET_NAME)";
				SKIP_INSTALL = YES;
				SWIFT_VERSION = 5.0;
				TARGETED_DEVICE_FAMILY = "1,2";
			};
			name = Debug;
		};
		AA00000004 /* Release */ = {
			isa = XCBuildConfiguration;
			buildSettings = {
				CLANG_ENABLE_OBJC_WEAK = YES;
				CODE_SIGN_STYLE = Automatic;
				CODE_SIGN_ENTITLEMENTS = ShareExtension/PaperlessToolsShareExtension.entitlements;
				CURRENT_PROJECT_VERSION = 1;
				DEVELOPMENT_TEAM = BV3NW7GXY9;
				GENERATE_INFOPLIST_FILE = NO;
				INFOPLIST_FILE = ShareExtension/Info.plist;
				IPHONEOS_DEPLOYMENT_TARGET = 17.0;
				LD_RUNPATH_SEARCH_PATHS = (
					"$(inherited)",
					"@executable_path/Frameworks",
					"@executable_path/../../Frameworks",
				);
				MARKETING_VERSION = 1.0.0;
				PRODUCT_BUNDLE_IDENTIFIER = tools.paperless.app.share;
				PRODUCT_NAME = "$(TARGET_NAME)";
				SKIP_INSTALL = YES;
				SWIFT_VERSION = 5.0;
				TARGETED_DEVICE_FAMILY = "1,2";
			};
			name = Release;
		};
		AA00000005 /* Debug */ = {
			isa = XCBuildConfiguration;
			buildSettings = {
				ALWAYS_SEARCH_USER_PATHS = NO;
				CLANG_ENABLE_MODULES = YES;
				CLANG_WARN_BLOCK_CAPTURE_AUTORELEASING = YES;
				CLANG_WARN_BOOL_CONVERSION = YES;
				CLANG_WARN_COMMA = YES;
				CLANG_WARN_CONSTANT_CONVERSION = YES;
				CLANG_WARN_DEPRECATED_OBJC_IMPLEMENTATIONS = YES;
				CLANG_WARN_EMPTY_BODY = YES;
				CLANG_WARN_ENUM_CONVERSION = YES;
				CLANG_WARN_INFINITE_RECURSION = YES;
				CLANG_WARN_INT_CONVERSION = YES;
				CLANG_WARN_NON_LITERAL_NULL_CONVERSION = YES;
				CLANG_WARN_OBJC_IMPLICIT_RETAIN_SELF = YES;
				CLANG_WARN_OBJC_LITERAL_CONVERSION = YES;
				CLANG_WARN_QUOTED_INCLUDE_IN_FRAMEWORK_HEADER = YES;
				CLANG_WARN_RANGE_LOOP_ANALYSIS = YES;
				CLANG_WARN_STRICT_PROTOTYPES = YES;
				CLANG_WARN_SUSPICIOUS_MOVE = YES;
				CLANG_WARN_UNREACHABLE_CODE = YES;
				CLANG_WARN__DUPLICATE_METHOD_MATCH = YES;
				COPY_PHASE_STRIP = NO;
				DEBUG_INFORMATION_FORMAT = dwarf;
				DEVELOPMENT_TEAM = BV3NW7GXY9;
				ENABLE_STRICT_OBJC_MSGSEND = YES;
				ENABLE_TESTABILITY = YES;
				ENABLE_USER_SCRIPT_SANDBOXING = YES;
				GCC_DYNAMIC_NO_PIC = NO;
				GCC_NO_COMMON_BLOCKS = YES;
				GCC_OPTIMIZATION_LEVEL = 0;
				GCC_WARN_64_TO_32_BIT_CONVERSION = YES;
				GCC_WARN_ABOUT_RETURN_TYPE = YES;
				GCC_WARN_UNDECLARED_SELECTOR = YES;
				GCC_WARN_UNINITIALIZED_AUTOS = YES;
				GCC_WARN_UNUSED_FUNCTION = YES;
				GCC_WARN_UNUSED_VARIABLE = YES;
				IPHONEOS_DEPLOYMENT_TARGET = 17.0;
				ONLY_ACTIVE_ARCH = YES;
				SDKROOT = iphoneos;
				STRING_CATALOG_GENERATE_SYMBOLS = YES;
				SWIFT_ACTIVE_COMPILATION_CONDITIONS = DEBUG;
				SWIFT_OPTIMIZATION_LEVEL = "-Onone";
			};
			name = Debug;
		};
		AA00000006 /* Release */ = {
			isa = XCBuildConfiguration;
			buildSettings = {
				ALWAYS_SEARCH_USER_PATHS = NO;
				CLANG_ENABLE_MODULES = YES;
				CLANG_WARN_BLOCK_CAPTURE_AUTORELEASING = YES;
				CLANG_WARN_BOOL_CONVERSION = YES;
				CLANG_WARN_COMMA = YES;
				CLANG_WARN_CONSTANT_CONVERSION = YES;
				CLANG_WARN_DEPRECATED_OBJC_IMPLEMENTATIONS = YES;
				CLANG_WARN_EMPTY_BODY = YES;
				CLANG_WARN_ENUM_CONVERSION = YES;
				CLANG_WARN_INFINITE_RECURSION = YES;
				CLANG_WARN_INT_CONVERSION = YES;
				CLANG_WARN_NON_LITERAL_NULL_CONVERSION = YES;
				CLANG_WARN_OBJC_IMPLICIT_RETAIN_SELF = YES;
				CLANG_WARN_OBJC_LITERAL_CONVERSION = YES;
				CLANG_WARN_QUOTED_INCLUDE_IN_FRAMEWORK_HEADER = YES;
				CLANG_WARN_RANGE_LOOP_ANALYSIS = YES;
				CLANG_WARN_STRICT_PROTOTYPES = YES;
				CLANG_WARN_SUSPICIOUS_MOVE = YES;
				CLANG_WARN_UNREACHABLE_CODE = YES;
				CLANG_WARN__DUPLICATE_METHOD_MATCH = YES;
				COPY_PHASE_STRIP = NO;
				DEBUG_INFORMATION_FORMAT = "dwarf-with-dsym";
				DEVELOPMENT_TEAM = BV3NW7GXY9;
				ENABLE_STRICT_OBJC_MSGSEND = YES;
				ENABLE_USER_SCRIPT_SANDBOXING = YES;
				GCC_NO_COMMON_BLOCKS = YES;
				GCC_WARN_64_TO_32_BIT_CONVERSION = YES;
				GCC_WARN_ABOUT_RETURN_TYPE = YES;
				GCC_WARN_UNDECLARED_SELECTOR = YES;
				GCC_WARN_UNINITIALIZED_AUTOS = YES;
				GCC_WARN_UNUSED_FUNCTION = YES;
				GCC_WARN_UNUSED_VARIABLE = YES;
				IPHONEOS_DEPLOYMENT_TARGET = 17.0;
				SDKROOT = iphoneos;
				STRING_CATALOG_GENERATE_SYMBOLS = YES;
				SWIFT_COMPILATION_MODE = wholemodule;
				VALIDATE_PRODUCT = YES;
			};
			name = Release;
		};
/* End XCBuildConfiguration section */

/* Begin XCConfigurationList section */
		A800000001 /* Build configuration list for PBXProject "PaperlessTools" */ = {
			isa = XCConfigurationList;
			buildConfigurations = (
				AA00000005 /* Debug */,
				AA00000006 /* Release */,
			);
			defaultConfigurationIsVisible = 0;
			defaultConfigurationName = Release;
		};
		A800000003 /* Build configuration list for PBXNativeTarget "PaperlessTools" */ = {
			isa = XCConfigurationList;
			buildConfigurations = (
				AA00000001 /* Debug */,
				AA00000002 /* Release */,
			);
			defaultConfigurationIsVisible = 0;
			defaultConfigurationName = Release;
		};
		A800000004 /* Build configuration list for PBXNativeTarget "PaperlessToolsShareExtension" */ = {
			isa = XCConfigurationList;
			buildConfigurations = (
				AA00000003 /* Debug */,
				AA00000004 /* Release */,
			);
			defaultConfigurationIsVisible = 0;
			defaultConfigurationName = Release;
		};
/* End XCConfigurationList section */
	};
	rootObject = A900000001 /* Project object */;
}
